// !$*UTF8*$!
{
	archiveVersion = 1;
	classes = {
	};
	objectVersion = 48;
	objects = {

/* Begin PBXBuildFile section */
		A130A14E20557EAD00544597 /* AppDelegate.swift in Sources */ = {isa = PBXBuildFile; fileRef = A130A14D20557EAD00544597 /* AppDelegate.swift */; };
		A130A15020557EAD00544597 /* ViewController.swift in Sources */ = {isa = PBXBuildFile; fileRef = A130A14F20557EAD00544597 /* ViewController.swift */; };
		A130A15320557EAD00544597 /* Main.storyboard in Resources */ = {isa = PBXBuildFile; fileRef = A130A15120557EAD00544597 /* Main.storyboard */; };
		A130A15520557EAD00544597 /* Assets.xcassets in Resources */ = {isa = PBXBuildFile; fileRef = A130A15420557EAD00544597 /* Assets.xcassets */; };
		A130A15820557EAD00544597 /* LaunchScreen.storyboard in Resources */ = {isa = PBXBuildFile; fileRef = A130A15620557EAD00544597 /* LaunchScreen.storyboard */; };
		A130A1622055AF3C00544597 /* CloudKit.framework in Frameworks */ = {isa = PBXBuildFile; fileRef = A130A1612055AF3C00544597 /* CloudKit.framework */; };
/* End PBXBuildFile section */

/* Begin PBXFileReference section */
		A130A14A20557EAD00544597 /* IceCreamNotificationTest.app */ = {isa = PBXFileReference; explicitFileType = wrapper.application; includeInIndex = 0; path = IceCreamNotificationTest.app; sourceTree = BUILT_PRODUCTS_DIR; };
		A130A14D20557EAD00544597 /* AppDelegate.swift */ = {isa = PBXFileReference; lastKnownFileType = sourcecode.swift; path = AppDelegate.swift; sourceTree = "<group>"; };
		A130A14F20557EAD00544597 /* ViewController.swift */ = {isa = PBXFileReference; lastKnownFileType = sourcecode.swift; path = ViewController.swift; sourceTree = "<group>"; };
		A130A15220557EAD00544597 /* Base */ = {isa = PBXFileReference; lastKnownFileType = file.storyboard; name = Base; path = Base.lproj/Main.storyboard; sourceTree = "<group>"; };
		A130A15420557EAD00544597 /* Assets.xcassets */ = {isa = PBXFileReference; lastKnownFileType = folder.assetcatalog; path = Assets.xcassets; sourceTree = "<group>"; };
		A130A15720557EAD00544597 /* Base */ = {isa = PBXFileReference; lastKnownFileType = file.storyboard; name = Base; path = Base.lproj/LaunchScreen.storyboard; sourceTree = "<group>"; };
		A130A15920557EAD00544597 /* Info.plist */ = {isa = PBXFileReference; lastKnownFileType = text.plist.xml; path = Info.plist; sourceTree = "<group>"; };
		A130A15F2055AF3A00544597 /* IceCreamNotificationTest.entitlements */ = {isa = PBXFileReference; lastKnownFileType = text.plist.entitlements; path = IceCreamNotificationTest.entitlements; sourceTree = "<group>"; };
		A130A1612055AF3C00544597 /* CloudKit.framework */ = {isa = PBXFileReference; lastKnownFileType = wrapper.framework; name = CloudKit.framework; path = System/Library/Frameworks/CloudKit.framework; sourceTree = SDKROOT; };
/* End PBXFileReference section */

/* Begin PBXFrameworksBuildPhase section */
		A130A14720557EAD00544597 /* Frameworks */ = {
			isa = PBXFrameworksBuildPhase;
			buildActionMask = 2147483647;
			files = (
				A130A1622055AF3C00544597 /* CloudKit.framework in Frameworks */,
			);
			runOnlyForDeploymentPostprocessing = 0;
		};
/* End PBXFrameworksBuildPhase section */

/* Begin PBXGroup section */
		A130A14120557EAD00544597 = {
			isa = PBXGroup;
			children = (
				A130A14C20557EAD00544597 /* IceCreamNotificationTest */,
				A130A14B20557EAD00544597 /* Products */,
				A130A1602055AF3C00544597 /* Frameworks */,
			);
			sourceTree = "<group>";
		};
		A130A14B20557EAD00544597 /* Products */ = {
			isa = PBXGroup;
			children = (
				A130A14A20557EAD00544597 /* IceCreamNotificationTest.app */,
			);
			name = Products;
			sourceTree = "<group>";
		};
		A130A14C20557EAD00544597 /* IceCreamNotificationTest */ = {
			isa = PBXGroup;
			children = (
				A130A15F2055AF3A00544597 /* IceCreamNotificationTest.entitlements */,
				A130A14D20557EAD00544597 /* AppDelegate.swift */,
				A130A14F20557EAD00544597 /* ViewController.swift */,
				A130A15120557EAD00544597 /* Main.storyboard */,
				A130A15420557EAD00544597 /* Assets.xcassets */,
				A130A15620557EAD00544597 /* LaunchScreen.storyboard */,
				A130A15920557EAD00544597 /* Info.plist */,
			);
			path = IceCreamNotificationTest;
			sourceTree = "<group>";
		};
		A130A1602055AF3C00544597 /* Frameworks */ = {
			isa = PBXGroup;
			children = (
				A130A1612055AF3C00544597 /* CloudKit.framework */,
			);
			name = Frameworks;
			sourceTree = "<group>";
		};
/* End PBXGroup section */

/* Begin PBXNativeTarget section */
		A130A14920557EAD00544597 /* IceCreamNotificationTest */ = {
			isa = PBXNativeTarget;
			buildConfigurationList = A130A15C20557EAD00544597 /* Build configuration list for PBXNativeTarget "IceCreamNotificationTest" */;
			buildPhases = (
				A130A14620557EAD00544597 /* Sources */,
				A130A14720557EAD00544597 /* Frameworks */,
				A130A14820557EAD00544597 /* Resources */,
			);
			buildRules = (
			);
			dependencies = (
			);
			name = IceCreamNotificationTest;
			productName = IceCreamNotificationTest;
			productReference = A130A14A20557EAD00544597 /* IceCreamNotificationTest.app */;
			productType = "com.apple.product-type.application";
		};
/* End PBXNativeTarget section */

/* Begin PBXProject section */
		A130A14220557EAD00544597 /* Project object */ = {
			isa = PBXProject;
			attributes = {
				LastSwiftUpdateCheck = 0920;
				LastUpgradeCheck = 0920;
				ORGANIZATIONNAME = "Andrew Eades";
				TargetAttributes = {
					A130A14920557EAD00544597 = {
						CreatedOnToolsVersion = 9.2;
						ProvisioningStyle = Automatic;
						SystemCapabilities = {
							com.apple.BackgroundModes = {
								enabled = 1;
							};
							com.apple.Push = {
								enabled = 1;
							};
							com.apple.iCloud = {
								enabled = 1;
							};
						};
					};
				};
			};
			buildConfigurationList = A130A14520557EAD00544597 /* Build configuration list for PBXProject "IceCreamNotificationTest" */;
			compatibilityVersion = "Xcode 8.0";
			developmentRegion = en;
			hasScannedForEncodings = 0;
			knownRegions = (
				en,
				Base,
			);
			mainGroup = A130A14120557EAD00544597;
			productRefGroup = A130A14B20557EAD00544597 /* Products */;
			projectDirPath = "";
			projectRoot = "";
			targets = (
				A130A14920557EAD00544597 /* IceCreamNotificationTest */,
			);
		};
/* End PBXProject section */

/* Begin PBXResourcesBuildPhase section */
		A130A14820557EAD00544597 /* Resources */ = {
			isa = PBXResourcesBuildPhase;
			buildActionMask = 2147483647;
			files = (
				A130A15820557EAD00544597 /* LaunchScreen.storyboard in Resources */,
				A130A15520557EAD00544597 /* Assets.xcassets in Resources */,
				A130A15320557EAD00544597 /* Main.storyboard in Resources */,
			);
			runOnlyForDeploymentPostprocessing = 0;
		};
/* End PBXResourcesBuildPhase section */

/* Begin PBXSourcesBuildPhase section */
		A130A14620557EAD00544597 /* Sources */ = {
			isa = PBXSourcesBuildPhase;
			buildActionMask = 2147483647;
			files = (
				A130A15020557EAD00544597 /* ViewController.swift in Sources */,
				A130A14E20557EAD00544597 /* AppDelegate.swift in Sources */,
			);
			runOnlyForDeploymentPostprocessing = 0;
		};
/* End PBXSourcesBuildPhase section */

/* Begin PBXVariantGroup section */
		A130A15120557EAD00544597 /* Main.storyboard */ = {
			isa = PBXVariantGroup;
			children = (
				A130A15220557EAD00544597 /* Base */,
			);
			name = Main.storyboard;
			sourceTree = "<group>";
		};
		A130A15620557EAD00544597 /* LaunchScreen.storyboard */ = {
			isa = PBXVariantGroup;
			children = (
				A130A15720557EAD00544597 /* Base */,
			);
			name = LaunchScreen.storyboard;
			sourceTree = "<group>";
		};
/* End PBXVariantGroup section */

/* Begin XCBuildConfiguration section */
		A130A15A20557EAD00544597 /* Debug */ = {
			isa = XCBuildConfiguration;
			buildSettings = {
				ALWAYS_SEARCH_USER_PATHS = NO;
				CLANG_ANALYZER_NONNULL = YES;
				CLANG_ANALYZER_NUMBER_OBJECT_CONVERSION = YES_AGGRESSIVE;
				CLANG_CXX_LANGUAGE_STANDARD = "gnu++14";
				CLANG_CXX_LIBRARY = "libc++";
				CLANG_ENABLE_MODULES = YES;
				CLANG_ENABLE_OBJC_ARC = YES;
				CLANG_WARN_BLOCK_CAPTURE_AUTORELEASING = YES;
				CLANG_WARN_BOOL_CONVERSION = YES;
				CLANG_WARN_COMMA = YES;
				CLANG_WARN_CONSTANT_CONVERSION = YES;
				CLANG_WARN_DIRECT_OBJC_ISA_USAGE = YES_ERROR;
				CLANG_WARN_DOCUMENTATION_COMMENTS = YES;
				CLANG_WARN_EMPTY_BODY = YES;
				CLANG_WARN_ENUM_CONVERSION = YES;
				CLANG_WARN_INFINITE_RECURSION = YES;
				CLANG_WARN_INT_CONVERSION = YES;
				CLANG_WARN_NON_LITERAL_NULL_CONVERSION = YES;
				CLANG_WARN_OBJC_LITERAL_CONVERSION = YES;
				CLANG_WARN_OBJC_ROOT_CLASS = YES_ERROR;
				CLANG_WARN_RANGE_LOOP_ANALYSIS = YES;
				CLANG_WARN_STRICT_PROTOTYPES = YES;
				CLANG_WARN_SUSPICIOUS_MOVE = YES;
				CLANG_WARN_UNGUARDED_AVAILABILITY = YES_AGGRESSIVE;
				CLANG_WARN_UNREACHABLE_CODE = YES;
				CLANG_WARN__DUPLICATE_METHOD_MATCH = YES;
				CODE_SIGN_IDENTITY = "iPhone Developer";
				COPY_PHASE_STRIP = NO;
				DEBUG_INFORMATION_FORMAT = dwarf;
				ENABLE_STRICT_OBJC_MSGSEND = YES;
				ENABLE_TESTABILITY = YES;
				GCC_C_LANGUAGE_STANDARD = gnu11;
				GCC_DYNAMIC_NO_PIC = NO;
				GCC_NO_COMMON_BLOCKS = YES;
				GCC_OPTIMIZATION_LEVEL = 0;
				GCC_PREPROCESSOR_DEFINITIONS = (
					"DEBUG=1",
					"$(inherited)",
				);
				GCC_WARN_64_TO_32_BIT_CONVERSION = YES;
				GCC_WARN_ABOUT_RETURN_TYPE = YES_ERROR;
				GCC_WARN_UNDECLARED_SELECTOR = YES;
				GCC_WARN_UNINITIALIZED_AUTOS = YES_AGGRESSIVE;
				GCC_WARN_UNUSED_FUNCTION = YES;
				GCC_WARN_UNUSED_VARIABLE = YES;
				IPHONEOS_DEPLOYMENT_TARGET = 11.2;
				MTL_ENABLE_DEBUG_INFO = YES;
				ONLY_ACTIVE_ARCH = YES;
				SDKROOT = iphoneos;
				SWIFT_ACTIVE_COMPILATION_CONDITIONS = DEBUG;
				SWIFT_OPTIMIZATION_LEVEL = "-Onone";
			};
			name = Debug;
		};
		A130A15B20557EAD00544597 /* Release */ = {
			isa = XCBuildConfiguration;
			buildSettings = {
				ALWAYS_SEARCH_USER_PATHS = NO;
				CLANG_ANALYZER_NONNULL = YES;
				CLANG_ANALYZER_NUMBER_OBJECT_CONVERSION = YES_AGGRESSIVE;
				CLANG_CXX_LANGUAGE_STANDARD = "gnu++14";
				CLANG_CXX_LIBRARY = "libc++";
				CLANG_ENABLE_MODULES = YES;
				CLANG_ENABLE_OBJC_ARC = YES;
				CLANG_WARN_BLOCK_CAPTURE_AUTORELEASING = YES;
				CLANG_WARN_BOOL_CONVERSION = YES;
				CLANG_WARN_COMMA = YES;
				CLANG_WARN_CONSTANT_CONVERSION = YES;
				CLANG_WARN_DIRECT_OBJC_ISA_USAGE = YES_ERROR;
				CLANG_WARN_DOCUMENTATION_COMMENTS = YES;
				CLANG_WARN_EMPTY_BODY = YES;
				CLANG_WARN_ENUM_CONVERSION = YES;
				CLANG_WARN_INFINITE_RECURSION = YES;
				CLANG_WARN_INT_CONVERSION = YES;
				CLANG_WARN_NON_LITERAL_NULL_CONVERSION = YES;
				CLANG_WARN_OBJC_LITERAL_CONVERSION = YES;
				CLANG_WARN_OBJC_ROOT_CLASS = YES_ERROR;
				CLANG_WARN_RANGE_LOOP_ANALYSIS = YES;
				CLANG_WARN_STRICT_PROTOTYPES = YES;
				CLANG_WARN_SUSPICIOUS_MOVE = YES;
				CLANG_WARN_UNGUARDED_AVAILABILITY = YES_AGGRESSIVE;
				CLANG_WARN_UNREACHABLE_CODE = YES;
				CLANG_WARN__DUPLICATE_METHOD_MATCH = YES;
				CODE_SIGN_IDENTITY = "iPhone Developer";
				COPY_PHASE_STRIP = NO;
				DEBUG_INFORMATION_FORMAT = "dwarf-with-dsym";
				ENABLE_NS_ASSERTIONS = NO;
				ENABLE_STRICT_OBJC_MSGSEND = YES;
				GCC_C_LANGUAGE_STANDARD = gnu11;
				GCC_NO_COMMON_BLOCKS = YES;
				GCC_WARN_64_TO_32_BIT_CONVERSION = YES;
				GCC_WARN_ABOUT_RETURN_TYPE = YES_ERROR;
				GCC_WARN_UNDECLARED_SELECTOR = YES;
				GCC_WARN_UNINITIALIZED_AUTOS = YES_AGGRESSIVE;
				GCC_WARN_UNUSED_FUNCTION = YES;
				GCC_WARN_UNUSED_VARIABLE = YES;
				IPHONEOS_DEPLOYMENT_TARGET = 11.2;
				MTL_ENABLE_DEBUG_INFO = NO;
				SDKROOT = iphoneos;
				SWIFT_OPTIMIZATION_LEVEL = "-Owholemodule";
				VALIDATE_PRODUCT = YES;
			};
			name = Release;
		};
		A130A15D20557EAD00544597 /* Debug */ = {
			isa = XCBuildConfiguration;
			buildSettings = {
				ASSETCATALOG_COMPILER_APPICON_NAME = AppIcon;
				CODE_SIGN_ENTITLEMENTS = IceCreamNotificationTest/IceCreamNotificationTest.entitlements;
				CODE_SIGN_STYLE = Automatic;
				DEVELOPMENT_TEAM = LELYLPEANY;
				INFOPLIST_FILE = IceCreamNotificationTest/Info.plist;
				LD_RUNPATH_SEARCH_PATHS = "$(inherited) @executable_path/Frameworks";
				PRODUCT_BUNDLE_IDENTIFIER = com.intrepidfrog.IceCreamNotificationTest;
				PRODUCT_NAME = "$(TARGET_NAME)";
				SWIFT_VERSION = 4.0;
				TARGETED_DEVICE_FAMILY = "1,2";
			};
			name = Debug;
		};
		A130A15E20557EAD00544597 /* Release */ = {
			isa = XCBuildConfiguration;
			buildSettings = {
				ASSETCATALOG_COMPILER_APPICON_NAME = AppIcon;
				CODE_SIGN_ENTITLEMENTS = IceCreamNotificationTest/IceCreamNotificationTest.entitlements;
				CODE_SIGN_STYLE = Automatic;
				DEVELOPMENT_TEAM = LELYLPEANY;
				INFOPLIST_FILE = IceCreamNotificationTest/Info.plist;
				LD_RUNPATH_SEARCH_PATHS = "$(inherited) @executable_path/Frameworks";
				PRODUCT_BUNDLE_IDENTIFIER = com.intrepidfrog.IceCreamNotificationTest;
				PRODUCT_NAME = "$(TARGET_NAME)";
				SWIFT_VERSION = 4.0;
				TARGETED_DEVICE_FAMILY = "1,2";
			};
			name = Release;
		};
/* End XCBuildConfiguration section */

/* Begin XCConfigurationList section */
		A130A14520557EAD00544597 /* Build configuration list for PBXProject "IceCreamNotificationTest" */ = {
			isa = XCConfigurationList;
			buildConfigurations = (
				A130A15A20557EAD00544597 /* Debug */,
				A130A15B20557EAD00544597 /* Release */,
			);
			defaultConfigurationIsVisible = 0;
			defaultConfigurationName = Release;
		};
		A130A15C20557EAD00544597 /* Build configuration list for PBXNativeTarget "IceCreamNotificationTest" */ = {
			isa = XCConfigurationList;
			buildConfigurations = (
				A130A15D20557EAD00544597 /* Debug */,
				A130A15E20557EAD00544597 /* Release */,
			);
			defaultConfigurationIsVisible = 0;
			defaultConfigurationName = Release;
		};
/* End XCConfigurationList section */
	};
	rootObject = A130A14220557EAD00544597 /* Project object */;
}
