PODS:
  - IceCream (0.1.0):
    - ReachabilitySwift
    - RealmSwift
    - RxRealm
  - ReachabilitySwift (4.1.0)
  - Realm (3.0.1):
    - Realm/Headers (= 3.0.1)
  - Realm/Headers (3.0.1)
  - RealmSwift (3.0.1):
    - Realm (= 3.0.1)
  - RxRealm (0.7.4):
    - RealmSwift (~> 3.0)
    - RxSwift (~> 4.0)
  - RxSwift (4.0.0)

DEPENDENCIES:
  - IceCream (from `../`)

EXTERNAL SOURCES:
  IceCream:
    :path: ../

SPEC CHECKSUMS:
  IceCream: 44869327314fc4b3c1d91014608c2e8062cd7ec7
  ReachabilitySwift: 6849231cd4e06559f3b9ef4a97a0a0f96d41e09f
  Realm: ba6144c74f835f7497791f6599d63a7755377b83
  RealmSwift: 7d13b1ac4b6022a13f841e3143e7789c9e40ad0d
  RxRealm: 9e203070a6adadd8f2592b58bbc9c8cc40aa35ec
  RxSwift: fd680d75283beb5e2559486f3c0ff852f0d35334

PODFILE CHECKSUM: 71364b21600d158fb733260a734a93e51bab96df

COCOAPODS: 1.3.1
