PODS:
  - IceCream (1.13.2):
    - RealmSwift
  - Realm (10.3.0):
    - Realm/Headers (= 10.3.0)
  - Realm/Headers (10.3.0)
  - RealmSwift (10.3.0):
    - Realm (= 10.3.0)
  - RxCocoa (5.1.1):
    - RxRelay (~> 5)
    - RxSwift (~> 5)
  - RxRealm (4.0.2):
    - Realm (~> 10.2)
    - RealmSwift (~> 10.2)
    - RxCocoa (~> 5.1)
    - RxSwift (~> 5.1)
  - RxRelay (5.1.1):
    - RxSwift (~> 5)
  - RxSwift (5.1.1)

DEPENDENCIES:
  - IceCream (from `https://github.com/owenzhao/IceCream.git`)
  - RealmSwift
  - RxRealm

SPEC REPOS:
  https://github.com/CocoaPods/Specs.git:
    - Realm
    - RealmSwift
    - RxCocoa
    - RxRealm
    - RxRelay
    - RxSwift

EXTERNAL SOURCES:
  IceCream:
    :git: https://github.com/owenzhao/IceCream.git

CHECKOUT OPTIONS:
  IceCream:
    :commit: 9e7c876d99ea7400c6f8a9a8ad1f0f54cd2e50ac
    :git: https://github.com/owenzhao/IceCream.git

SPEC CHECKSUMS:
  IceCream: 9335dfa136e260ff4ba1b969a49061f5661441d3
  Realm: 7957567daedece88d04866cdea419a5975f78e1b
  RealmSwift: 8cc707e87a4ed4f36e76312ae4f53cc1265d9bad
  RxCocoa: 32065309a38d29b5b0db858819b5bf9ef038b601
  RxRealm: cc14831d5527f10fbfe547d0922cae129a07ba9d
  RxRelay: d77f7d771495f43c556cbc43eebd1bb54d01e8e9
  RxSwift: 81470a2074fa8780320ea5fe4102807cb7118178

PODFILE CHECKSUM: b4a4f645b7fe8c214f7ac4c0ebf09bab30a26e5c

COCOAPODS: 1.10.0
