// !$*UTF8*$!
{
	archiveVersion = 1;
	classes = {
	};
	objectVersion = 50;
	objects = {

/* Begin PBXBuildFile section */
		07025E4A428CBE9825061DA9 /* Pods_IceCreamTests.framework in Frameworks */ = {isa = PBXBuildFile; fileRef = 58EFB53A0E618F26CC8FA700 /* Pods_IceCreamTests.framework */; };
		4136B170211B99C800E32210 /* AppDelegate.swift in Sources */ = {isa = PBXBuildFile; fileRef = 4136B16F211B99C800E32210 /* AppDelegate.swift */; };
		4136B185211B99CA00E32210 /* IceCreamTests.swift in Sources */ = {isa = PBXBuildFile; fileRef = 4136B184211B99CA00E32210 /* IceCreamTests.swift */; };
/* End PBXBuildFile section */

/* Begin PBXContainerItemProxy section */
		4136B181211B99CA00E32210 /* PBXContainerItemProxy */ = {
			isa = PBXContainerItemProxy;
			containerPortal = 4136B164211B99C800E32210 /* Project object */;
			proxyType = 1;
			remoteGlobalIDString = 4136B16B211B99C800E32210;
			remoteInfo = IceCream;
		};
/* End PBXContainerItemProxy section */

/* Begin PBXFileReference section */
		4136B16C211B99C800E32210 /* IceCream.app */ = {isa = PBXFileReference; explicitFileType = wrapper.application; includeInIndex = 0; path = IceCream.app; sourceTree = BUILT_PRODUCTS_DIR; };
		4136B16F211B99C800E32210 /* AppDelegate.swift */ = {isa = PBXFileReference; lastKnownFileType = sourcecode.swift; path = AppDelegate.swift; sourceTree = "<group>"; };
		4136B17B211B99CA00E32210 /* Info.plist */ = {isa = PBXFileReference; lastKnownFileType = text.plist.xml; path = Info.plist; sourceTree = "<group>"; };
		4136B180211B99CA00E32210 /* IceCreamTests.xctest */ = {isa = PBXFileReference; explicitFileType = wrapper.cfbundle; includeInIndex = 0; path = IceCreamTests.xctest; sourceTree = BUILT_PRODUCTS_DIR; };
		4136B184211B99CA00E32210 /* IceCreamTests.swift */ = {isa = PBXFileReference; lastKnownFileType = sourcecode.swift; path = IceCreamTests.swift; sourceTree = "<group>"; };
		4136B186211B99CA00E32210 /* Info.plist */ = {isa = PBXFileReference; lastKnownFileType = text.plist.xml; path = Info.plist; sourceTree = "<group>"; };
		58EFB53A0E618F26CC8FA700 /* Pods_IceCreamTests.framework */ = {isa = PBXFileReference; explicitFileType = wrapper.framework; includeInIndex = 0; path = Pods_IceCreamTests.framework; sourceTree = BUILT_PRODUCTS_DIR; };
		7C440E0441FA77E11A93650D /* Pods-IceCreamTests.release.xcconfig */ = {isa = PBXFileReference; includeInIndex = 1; lastKnownFileType = text.xcconfig; name = "Pods-IceCreamTests.release.xcconfig"; path = "Pods/Target Support Files/Pods-IceCreamTests/Pods-IceCreamTests.release.xcconfig"; sourceTree = "<group>"; };
		8EAC4F108957EBB8A4230BEE /* Pods-IceCreamTests.debug.xcconfig */ = {isa = PBXFileReference; includeInIndex = 1; lastKnownFileType = text.xcconfig; name = "Pods-IceCreamTests.debug.xcconfig"; path = "Pods/Target Support Files/Pods-IceCreamTests/Pods-IceCreamTests.debug.xcconfig"; sourceTree = "<group>"; };
/* End PBXFileReference section */

/* Begin PBXFrameworksBuildPhase section */
		4136B169211B99C800E32210 /* Frameworks */ = {
			isa = PBXFrameworksBuildPhase;
			buildActionMask = 2147483647;
			files = (
			);
			runOnlyForDeploymentPostprocessing = 0;
		};
		4136B17D211B99CA00E32210 /* Frameworks */ = {
			isa = PBXFrameworksBuildPhase;
			buildActionMask = 2147483647;
			files = (
				07025E4A428CBE9825061DA9 /* Pods_IceCreamTests.framework in Frameworks */,
			);
			runOnlyForDeploymentPostprocessing = 0;
		};
/* End PBXFrameworksBuildPhase section */

/* Begin PBXGroup section */
		4136B163211B99C800E32210 = {
			isa = PBXGroup;
			children = (
				4136B16E211B99C800E32210 /* IceCream */,
				4136B183211B99CA00E32210 /* IceCreamTests */,
				4136B16D211B99C800E32210 /* Products */,
				F57AFD831073747ED7E98078 /* Pods */,
				FF8331372D4121C41667A9B8 /* Frameworks */,
			);
			sourceTree = "<group>";
		};
		4136B16D211B99C800E32210 /* Products */ = {
			isa = PBXGroup;
			children = (
				4136B16C211B99C800E32210 /* IceCream.app */,
				4136B180211B99CA00E32210 /* IceCreamTests.xctest */,
			);
			name = Products;
			sourceTree = "<group>";
		};
		4136B16E211B99C800E32210 /* IceCream */ = {
			isa = PBXGroup;
			children = (
				4136B16F211B99C800E32210 /* AppDelegate.swift */,
				4136B17B211B99CA00E32210 /* Info.plist */,
			);
			path = IceCream;
			sourceTree = "<group>";
		};
		4136B183211B99CA00E32210 /* IceCreamTests */ = {
			isa = PBXGroup;
			children = (
				4136B184211B99CA00E32210 /* IceCreamTests.swift */,
				4136B186211B99CA00E32210 /* Info.plist */,
			);
			path = IceCreamTests;
			sourceTree = "<group>";
		};
		F57AFD831073747ED7E98078 /* Pods */ = {
			isa = PBXGroup;
			children = (
				8EAC4F108957EBB8A4230BEE /* Pods-IceCreamTests.debug.xcconfig */,
				7C440E0441FA77E11A93650D /* Pods-IceCreamTests.release.xcconfig */,
			);
			name = Pods;
			sourceTree = "<group>";
		};
		FF8331372D4121C41667A9B8 /* Frameworks */ = {
			isa = PBXGroup;
			children = (
				58EFB53A0E618F26CC8FA700 /* Pods_IceCreamTests.framework */,
			);
			name = Frameworks;
			sourceTree = "<group>";
		};
/* End PBXGroup section */

/* Begin PBXNativeTarget section */
		4136B16B211B99C800E32210 /* IceCream */ = {
			isa = PBXNativeTarget;
			buildConfigurationList = 4136B189211B99CA00E32210 /* Build configuration list for PBXNativeTarget "IceCream" */;
			buildPhases = (
				4136B168211B99C800E32210 /* Sources */,
				4136B169211B99C800E32210 /* Frameworks */,
				4136B16A211B99C800E32210 /* Resources */,
			);
			buildRules = (
			);
			dependencies = (
			);
			name = IceCream;
			productName = IceCream;
			productReference = 4136B16C211B99C800E32210 /* IceCream.app */;
			productType = "com.apple.product-type.application";
		};
		4136B17F211B99CA00E32210 /* IceCreamTests */ = {
			isa = PBXNativeTarget;
			buildConfigurationList = 4136B18C211B99CA00E32210 /* Build configuration list for PBXNativeTarget "IceCreamTests" */;
			buildPhases = (
				C4D093DC93449A0446C220C9 /* [CP] Check Pods Manifest.lock */,
				4136B17C211B99CA00E32210 /* Sources */,
				4136B17D211B99CA00E32210 /* Frameworks */,
				4136B17E211B99CA00E32210 /* Resources */,
				507343125CD7D27B4645E6C1 /* [CP] Embed Pods Frameworks */,
			);
			buildRules = (
			);
			dependencies = (
				4136B182211B99CA00E32210 /* PBXTargetDependency */,
			);
			name = IceCreamTests;
			productName = IceCreamTests;
			productReference = 4136B180211B99CA00E32210 /* IceCreamTests.xctest */;
			productType = "com.apple.product-type.bundle.unit-test";
		};
/* End PBXNativeTarget section */

/* Begin PBXProject section */
		4136B164211B99C800E32210 /* Project object */ = {
			isa = PBXProject;
			attributes = {
				LastSwiftUpdateCheck = 0940;
				LastUpgradeCheck = 0940;
				TargetAttributes = {
					4136B16B211B99C800E32210 = {
						CreatedOnToolsVersion = 9.4.1;
					};
					4136B17F211B99CA00E32210 = {
						CreatedOnToolsVersion = 9.4.1;
						TestTargetID = 4136B16B211B99C800E32210;
					};
				};
			};
			buildConfigurationList = 4136B167211B99C800E32210 /* Build configuration list for PBXProject "IceCream" */;
			compatibilityVersion = "Xcode 9.3";
			developmentRegion = en;
			hasScannedForEncodings = 0;
			knownRegions = (
				en,
				Base,
			);
			mainGroup = 4136B163211B99C800E32210;
			productRefGroup = 4136B16D211B99C800E32210 /* Products */;
			projectDirPath = "";
			projectRoot = "";
			targets = (
				4136B16B211B99C800E32210 /* IceCream */,
				4136B17F211B99CA00E32210 /* IceCreamTests */,
			);
		};
/* End PBXProject section */

/* Begin PBXResourcesBuildPhase section */
		4136B16A211B99C800E32210 /* Resources */ = {
			isa = PBXResourcesBuildPhase;
			buildActionMask = 2147483647;
			files = (
			);
			runOnlyForDeploymentPostprocessing = 0;
		};
		4136B17E211B99CA00E32210 /* Resources */ = {
			isa = PBXResourcesBuildPhase;
			buildActionMask = 2147483647;
			files = (
			);
			runOnlyForDeploymentPostprocessing = 0;
		};
/* End PBXResourcesBuildPhase section */

/* Begin PBXShellScriptBuildPhase section */
		507343125CD7D27B4645E6C1 /* [CP] Embed Pods Frameworks */ = {
			isa = PBXShellScriptBuildPhase;
			buildActionMask = 2147483647;
			files = (
			);
			inputPaths = (
				"${SRCROOT}/Pods/Target Support Files/Pods-IceCreamTests/Pods-IceCreamTests-frameworks.sh",
				"${BUILT_PRODUCTS_DIR}/Realm/Realm.framework",
				"${BUILT_PRODUCTS_DIR}/RealmSwift/RealmSwift.framework",
			);
			name = "[CP] Embed Pods Frameworks";
			outputPaths = (
				"${TARGET_BUILD_DIR}/${FRAMEWORKS_FOLDER_PATH}/Realm.framework",
				"${TARGET_BUILD_DIR}/${FRAMEWORKS_FOLDER_PATH}/RealmSwift.framework",
			);
			runOnlyForDeploymentPostprocessing = 0;
			shellPath = /bin/sh;
			shellScript = "\"${SRCROOT}/Pods/Target Support Files/Pods-IceCreamTests/Pods-IceCreamTests-frameworks.sh\"\n";
			showEnvVarsInLog = 0;
		};
		C4D093DC93449A0446C220C9 /* [CP] Check Pods Manifest.lock */ = {
			isa = PBXShellScriptBuildPhase;
			buildActionMask = 2147483647;
			files = (
			);
			inputPaths = (
				"${PODS_PODFILE_DIR_PATH}/Podfile.lock",
				"${PODS_ROOT}/Manifest.lock",
			);
			name = "[CP] Check Pods Manifest.lock";
			outputPaths = (
				"$(DERIVED_FILE_DIR)/Pods-IceCreamTests-checkManifestLockResult.txt",
			);
			runOnlyForDeploymentPostprocessing = 0;
			shellPath = /bin/sh;
			shellScript = "diff \"${PODS_PODFILE_DIR_PATH}/Podfile.lock\" \"${PODS_ROOT}/Manifest.lock\" > /dev/null\nif [ $? != 0 ] ; then\n    # print error to STDERR\n    echo \"error: The sandbox is not in sync with the Podfile.lock. Run 'pod install' or update your CocoaPods installation.\" >&2\n    exit 1\nfi\n# This output is used by Xcode 'outputs' to avoid re-running this script phase.\necho \"SUCCESS\" > \"${SCRIPT_OUTPUT_FILE_0}\"\n";
			showEnvVarsInLog = 0;
		};
/* End PBXShellScriptBuildPhase section */

/* Begin PBXSourcesBuildPhase section */
		4136B168211B99C800E32210 /* Sources */ = {
			isa = PBXSourcesBuildPhase;
			buildActionMask = 2147483647;
			files = (
				4136B170211B99C800E32210 /* AppDelegate.swift in Sources */,
			);
			runOnlyForDeploymentPostprocessing = 0;
		};
		4136B17C211B99CA00E32210 /* Sources */ = {
			isa = PBXSourcesBuildPhase;
			buildActionMask = 2147483647;
			files = (
				4136B185211B99CA00E32210 /* IceCreamTests.swift in Sources */,
			);
			runOnlyForDeploymentPostprocessing = 0;
		};
/* End PBXSourcesBuildPhase section */

/* Begin PBXTargetDependency section */
		4136B182211B99CA00E32210 /* PBXTargetDependency */ = {
			isa = PBXTargetDependency;
			target = 4136B16B211B99C800E32210 /* IceCream */;
			targetProxy = 4136B181211B99CA00E32210 /* PBXContainerItemProxy */;
		};
/* End PBXTargetDependency section */

/* Begin XCBuildConfiguration section */
		4136B187211B99CA00E32210 /* Debug */ = {
			isa = XCBuildConfiguration;
			buildSettings = {
				ALWAYS_SEARCH_USER_PATHS = NO;
				CLANG_ANALYZER_NONNULL = YES;
				CLANG_ANALYZER_NUMBER_OBJECT_CONVERSION = YES_AGGRESSIVE;
				CLANG_CXX_LANGUAGE_STANDARD = "gnu++14";
				CLANG_CXX_LIBRARY = "libc++";
				CLANG_ENABLE_MODULES = YES;
				CLANG_ENABLE_OBJC_ARC = YES;
				CLANG_ENABLE_OBJC_WEAK = YES;
				CLANG_WARN_BLOCK_CAPTURE_AUTORELEASING = YES;
				CLANG_WARN_BOOL_CONVERSION = YES;
				CLANG_WARN_COMMA = YES;
				CLANG_WARN_CONSTANT_CONVERSION = YES;
				CLANG_WARN_DEPRECATED_OBJC_IMPLEMENTATIONS = YES;
				CLANG_WARN_DIRECT_OBJC_ISA_USAGE = YES_ERROR;
				CLANG_WARN_DOCUMENTATION_COMMENTS = YES;
				CLANG_WARN_EMPTY_BODY = YES;
				CLANG_WARN_ENUM_CONVERSION = YES;
				CLANG_WARN_INFINITE_RECURSION = YES;
				CLANG_WARN_INT_CONVERSION = YES;
				CLANG_WARN_NON_LITERAL_NULL_CONVERSION = YES;
				CLANG_WARN_OBJC_IMPLICIT_RETAIN_SELF = YES;
				CLANG_WARN_OBJC_LITERAL_CONVERSION = YES;
				CLANG_WARN_OBJC_ROOT_CLASS = YES_ERROR;
				CLANG_WARN_RANGE_LOOP_ANALYSIS = YES;
				CLANG_WARN_STRICT_PROTOTYPES = YES;
				CLANG_WARN_SUSPICIOUS_MOVE = YES;
				CLANG_WARN_UNGUARDED_AVAILABILITY = YES_AGGRESSIVE;
				CLANG_WARN_UNREACHABLE_CODE = YES;
				CLANG_WARN__DUPLICATE_METHOD_MATCH = YES;
				CODE_SIGN_IDENTITY = "iPhone Developer";
				COPY_PHASE_STRIP = NO;
				DEBUG_INFORMATION_FORMAT = dwarf;
				ENABLE_STRICT_OBJC_MSGSEND = YES;
				ENABLE_TESTABILITY = YES;
				GCC_C_LANGUAGE_STANDARD = gnu11;
				GCC_DYNAMIC_NO_PIC = NO;
				GCC_NO_COMMON_BLOCKS = YES;
				GCC_OPTIMIZATION_LEVEL = 0;
				GCC_PREPROCESSOR_DEFINITIONS = (
					"DEBUG=1",
					"$(inherited)",
				);
				GCC_WARN_64_TO_32_BIT_CONVERSION = YES;
				GCC_WARN_ABOUT_RETURN_TYPE = YES_ERROR;
				GCC_WARN_UNDECLARED_SELECTOR = YES;
				GCC_WARN_UNINITIALIZED_AUTOS = YES_AGGRESSIVE;
				GCC_WARN_UNUSED_FUNCTION = YES;
				GCC_WARN_UNUSED_VARIABLE = YES;
				IPHONEOS_DEPLOYMENT_TARGET = 11.4;
				MTL_ENABLE_DEBUG_INFO = YES;
				ONLY_ACTIVE_ARCH = YES;
				SDKROOT = iphoneos;
				SWIFT_ACTIVE_COMPILATION_CONDITIONS = DEBUG;
				SWIFT_OPTIMIZATION_LEVEL = "-Onone";
			};
			name = Debug;
		};
		4136B188211B99CA00E32210 /* Release */ = {
			isa = XCBuildConfiguration;
			buildSettings = {
				ALWAYS_SEARCH_USER_PATHS = NO;
				CLANG_ANALYZER_NONNULL = YES;
				CLANG_ANALYZER_NUMBER_OBJECT_CONVERSION = YES_AGGRESSIVE;
				CLANG_CXX_LANGUAGE_STANDARD = "gnu++14";
				CLANG_CXX_LIBRARY = "libc++";
				CLANG_ENABLE_MODULES = YES;
				CLANG_ENABLE_OBJC_ARC = YES;
				CLANG_ENABLE_OBJC_WEAK = YES;
				CLANG_WARN_BLOCK_CAPTURE_AUTORELEASING = YES;
				CLANG_WARN_BOOL_CONVERSION = YES;
				CLANG_WARN_COMMA = YES;
				CLANG_WARN_CONSTANT_CONVERSION = YES;
				CLANG_WARN_DEPRECATED_OBJC_IMPLEMENTATIONS = YES;
				CLANG_WARN_DIRECT_OBJC_ISA_USAGE = YES_ERROR;
				CLANG_WARN_DOCUMENTATION_COMMENTS = YES;
				CLANG_WARN_EMPTY_BODY = YES;
				CLANG_WARN_ENUM_CONVERSION = YES;
				CLANG_WARN_INFINITE_RECURSION = YES;
				CLANG_WARN_INT_CONVERSION = YES;
				CLANG_WARN_NON_LITERAL_NULL_CONVERSION = YES;
				CLANG_WARN_OBJC_IMPLICIT_RETAIN_SELF = YES;
				CLANG_WARN_OBJC_LITERAL_CONVERSION = YES;
				CLANG_WARN_OBJC_ROOT_CLASS = YES_ERROR;
				CLANG_WARN_RANGE_LOOP_ANALYSIS = YES;
				CLANG_WARN_STRICT_PROTOTYPES = YES;
				CLANG_WARN_SUSPICIOUS_MOVE = YES;
				CLANG_WARN_UNGUARDED_AVAILABILITY = YES_AGGRESSIVE;
				CLANG_WARN_UNREACHABLE_CODE = YES;
				CLANG_WARN__DUPLICATE_METHOD_MATCH = YES;
				CODE_SIGN_IDENTITY = "iPhone Developer";
				COPY_PHASE_STRIP = NO;
				DEBUG_INFORMATION_FORMAT = "dwarf-with-dsym";
				ENABLE_NS_ASSERTIONS = NO;
				ENABLE_STRICT_OBJC_MSGSEND = YES;
				GCC_C_LANGUAGE_STANDARD = gnu11;
				GCC_NO_COMMON_BLOCKS = YES;
				GCC_WARN_64_TO_32_BIT_CONVERSION = YES;
				GCC_WARN_ABOUT_RETURN_TYPE = YES_ERROR;
				GCC_WARN_UNDECLARED_SELECTOR = YES;
				GCC_WARN_UNINITIALIZED_AUTOS = YES_AGGRESSIVE;
				GCC_WARN_UNUSED_FUNCTION = YES;
				GCC_WARN_UNUSED_VARIABLE = YES;
				IPHONEOS_DEPLOYMENT_TARGET = 11.4;
				MTL_ENABLE_DEBUG_INFO = NO;
				SDKROOT = iphoneos;
				SWIFT_COMPILATION_MODE = wholemodule;
				SWIFT_OPTIMIZATION_LEVEL = "-O";
				VALIDATE_PRODUCT = YES;
			};
			name = Release;
		};
		4136B18A211B99CA00E32210 /* Debug */ = {
			isa = XCBuildConfiguration;
			buildSettings = {
				ASSETCATALOG_COMPILER_APPICON_NAME = AppIcon;
				CODE_SIGN_STYLE = Automatic;
				INFOPLIST_FILE = IceCream/Info.plist;
				LD_RUNPATH_SEARCH_PATHS = (
					"$(inherited)",
					"@executable_path/Frameworks",
				);
				PRODUCT_BUNDLE_IDENTIFIER = me.soledad.http.IceCream.IceCream;
				PRODUCT_NAME = "$(TARGET_NAME)";
				SWIFT_VERSION = 4.0;
				TARGETED_DEVICE_FAMILY = "1,2";
			};
			name = Debug;
		};
		4136B18B211B99CA00E32210 /* Release */ = {
			isa = XCBuildConfiguration;
			buildSettings = {
				ASSETCATALOG_COMPILER_APPICON_NAME = AppIcon;
				CODE_SIGN_STYLE = Automatic;
				INFOPLIST_FILE = IceCream/Info.plist;
				LD_RUNPATH_SEARCH_PATHS = (
					"$(inherited)",
					"@executable_path/Frameworks",
				);
				PRODUCT_BUNDLE_IDENTIFIER = me.soledad.http.IceCream.IceCream;
				PRODUCT_NAME = "$(TARGET_NAME)";
				SWIFT_VERSION = 4.0;
				TARGETED_DEVICE_FAMILY = "1,2";
			};
			name = Release;
		};
		4136B18D211B99CA00E32210 /* Debug */ = {
			isa = XCBuildConfiguration;
			baseConfigurationReference = 8EAC4F108957EBB8A4230BEE /* Pods-IceCreamTests.debug.xcconfig */;
			buildSettings = {
				ALWAYS_EMBED_SWIFT_STANDARD_LIBRARIES = YES;
				BUNDLE_LOADER = "$(TEST_HOST)";
				CODE_SIGN_STYLE = Automatic;
				INFOPLIST_FILE = IceCreamTests/Info.plist;
				LD_RUNPATH_SEARCH_PATHS = (
					"$(inherited)",
					"@executable_path/Frameworks",
					"@loader_path/Frameworks",
				);
				PRODUCT_BUNDLE_IDENTIFIER = me.soledad.http.IceCream.IceCreamTests;
				PRODUCT_NAME = "$(TARGET_NAME)";
				SWIFT_VERSION = 4.0;
				TARGETED_DEVICE_FAMILY = "1,2";
				TEST_HOST = "$(BUILT_PRODUCTS_DIR)/IceCream.app/IceCream";
			};
			name = Debug;
		};
		4136B18E211B99CA00E32210 /* Release */ = {
			isa = XCBuildConfiguration;
			baseConfigurationReference = 7C440E0441FA77E11A93650D /* Pods-IceCreamTests.release.xcconfig */;
			buildSettings = {
				ALWAYS_EMBED_SWIFT_STANDARD_LIBRARIES = YES;
				BUNDLE_LOADER = "$(TEST_HOST)";
				CODE_SIGN_STYLE = Automatic;
				INFOPLIST_FILE = IceCreamTests/Info.plist;
				LD_RUNPATH_SEARCH_PATHS = (
					"$(inherited)",
					"@executable_path/Frameworks",
					"@loader_path/Frameworks",
				);
				PRODUCT_BUNDLE_IDENTIFIER = me.soledad.http.IceCream.IceCreamTests;
				PRODUCT_NAME = "$(TARGET_NAME)";
				SWIFT_VERSION = 4.0;
				TARGETED_DEVICE_FAMILY = "1,2";
				TEST_HOST = "$(BUILT_PRODUCTS_DIR)/IceCream.app/IceCream";
			};
			name = Release;
		};
/* End XCBuildConfiguration section */

/* Begin XCConfigurationList section */
		4136B167211B99C800E32210 /* Build configuration list for PBXProject "IceCream" */ = {
			isa = XCConfigurationList;
			buildConfigurations = (
				4136B187211B99CA00E32210 /* Debug */,
				4136B188211B99CA00E32210 /* Release */,
			);
			defaultConfigurationIsVisible = 0;
			defaultConfigurationName = Release;
		};
		4136B189211B99CA00E32210 /* Build configuration list for PBXNativeTarget "IceCream" */ = {
			isa = XCConfigurationList;
			buildConfigurations = (
				4136B18A211B99CA00E32210 /* Debug */,
				4136B18B211B99CA00E32210 /* Release */,
			);
			defaultConfigurationIsVisible = 0;
			defaultConfigurationName = Release;
		};
		4136B18C211B99CA00E32210 /* Build configuration list for PBXNativeTarget "IceCreamTests" */ = {
			isa = XCConfigurationList;
			buildConfigurations = (
				4136B18D211B99CA00E32210 /* Debug */,
				4136B18E211B99CA00E32210 /* Release */,
			);
			defaultConfigurationIsVisible = 0;
			defaultConfigurationName = Release;
		};
/* End XCConfigurationList section */
	};
	rootObject = 4136B164211B99C800E32210 /* Project object */;
}
