{
  "object": {
    "pins": [
      {
        "package": "RealmDatabase",
        "repositoryURL": "https://github.com/realm/realm-core.git",
        "state": {
          "branch": null,
          "revision": "1eb93c9619f6a05b5a91c2719690606016802e0b",
          "version": "13.20.1"
        }
      },
      {
        "package": "Realm",
        "repositoryURL": "https://github.com/realm/realm-swift",
        "state": {
          "branch": null,
          "revision": "2ce1ef9a5d48d34470bfd21d3b722fa9c05c0b4e",
          "version": "10.42.2"
        }
      }
    ]
  },
  "version": 1
}
