PODS:
  - Realm (10.3.0):
    - Realm/Headers (= 10.3.0)
  - Realm/Headers (10.3.0)
  - RealmSwift (10.3.0):
    - Realm (= 10.3.0)

DEPENDENCIES:
  - RealmSwift

SPEC REPOS:
  https://github.com/CocoaPods/Specs.git:
    - Realm
    - RealmSwift

SPEC CHECKSUMS:
  Realm: 7957567daedece88d04866cdea419a5975f78e1b
  RealmSwift: 8cc707e87a4ed4f36e76312ae4f53cc1265d9bad

PODFILE CHECKSUM: cb215bad3acca4ba2de491d513319ed11da38d6f

COCOAPODS: 1.10.0
