PODS:
  - IceCream (1.5.0):
    - RealmSwift
  - Realm (3.7.5):
    - Realm/Headers (= 3.7.5)
  - Realm/Headers (3.7.5)
  - RealmSwift (3.7.5):
    - Realm (= 3.7.5)

DEPENDENCIES:
  - IceCream (from `../`)

SPEC REPOS:
  https://github.com/cocoapods/specs.git:
    - Realm
    - RealmSwift

EXTERNAL SOURCES:
  IceCream:
    :path: "../"

SPEC CHECKSUMS:
  IceCream: cbed5d25e9f7b2ea2a612892dfbbce407b0b71bf
  Realm: c286caf4dbf346ce24aad49ca76c7ce622d4a082
  RealmSwift: 2a9281e37d6de55f66f76254d49d28aeb1b729e4

PODFILE CHECKSUM: 966cf324d1c11f46ba1b7daf9080bbaad4afc0cd

COCOAPODS: 1.5.3
