PODS:
  - IceCream (1.5.0):
    - RealmSwift
  - Realm (3.7.6):
    - Realm/Headers (= 3.7.6)
  - Realm/Headers (3.7.6)
  - RealmSwift (3.7.6):
    - Realm (= 3.7.6)

DEPENDENCIES:
  - IceCream (from `../`)

SPEC REPOS:
  https://github.com/cocoapods/specs.git:
    - Realm
    - RealmSwift

EXTERNAL SOURCES:
  IceCream:
    :path: "../"

SPEC CHECKSUMS:
  IceCream: cbed5d25e9f7b2ea2a612892dfbbce407b0b71bf
  Realm: 9eaecad54712d6246d08ba34c10f354e4715d7d3
  RealmSwift: 1fe08b4ebaeeaacf17f9ba0343f7b25c9fc31fa6

PODFILE CHECKSUM: 966cf324d1c11f46ba1b7daf9080bbaad4afc0cd

COCOAPODS: 1.5.3
