// !$*UTF8*$!
{
	archiveVersion = 1;
	classes = {
	};
	objectVersion = 52;
	objects = {

/* Begin PBXBuildFile section */
		0D4EF51B24B228570036FD90 /* OwnersViewController.swift in Sources */ = {isa = PBXBuildFile; fileRef = 0D4EF51A24B228570036FD90 /* OwnersViewController.swift */; };
		6743F6EC202B0CB600912163 /* AppDelegate.swift in Sources */ = {isa = PBXBuildFile; fileRef = 6743F6EB202B0CB600912163 /* AppDelegate.swift */; };
		6743F6EE202B0CB600912163 /* DogsViewController.swift in Sources */ = {isa = PBXBuildFile; fileRef = 6743F6ED202B0CB600912163 /* DogsViewController.swift */; };
		6743F6FE202B0D1400912163 /* Images.xcassets in Resources */ = {isa = PBXBuildFile; fileRef = 6743F6FD202B0D1400912163 /* Images.xcassets */; };
		6743F701202B0D1C00912163 /* LaunchScreen.xib in Resources */ = {isa = PBXBuildFile; fileRef = 6743F6FF202B0D1C00912163 /* LaunchScreen.xib */; };
		6743F703202B0D2400912163 /* Dog.swift in Sources */ = {isa = PBXBuildFile; fileRef = 6743F702202B0D2400912163 /* Dog.swift */; };
		6743F707202B0D4500912163 /* CloudKit.framework in Frameworks */ = {isa = PBXBuildFile; fileRef = 6743F706202B0D4500912163 /* CloudKit.framework */; };
		67851AF920FAFE0F00D5142C /* Person.swift in Sources */ = {isa = PBXBuildFile; fileRef = 67851AF820FAFE0F00D5142C /* Person.swift */; };
		67AA236020B84C9700953F09 /* CatsViewController.swift in Sources */ = {isa = PBXBuildFile; fileRef = 67AA235E20B84C9700953F09 /* CatsViewController.swift */; };
		67AA236120B84C9700953F09 /* Cat.swift in Sources */ = {isa = PBXBuildFile; fileRef = 67AA235F20B84C9700953F09 /* Cat.swift */; };
		67AA236320B84CB600953F09 /* TabBarViewController.swift in Sources */ = {isa = PBXBuildFile; fileRef = 67AA236220B84CB600953F09 /* TabBarViewController.swift */; };
		E50A78FF24A8E08F00E44E79 /* Realm in Frameworks */ = {isa = PBXBuildFile; productRef = E50A78FE24A8E08F00E44E79 /* Realm */; };
		E50A790124A8E08F00E44E79 /* RealmSwift in Frameworks */ = {isa = PBXBuildFile; productRef = E50A790024A8E08F00E44E79 /* RealmSwift */; };
		E54B956024A8C7A500A6D55A /* RxRealm in Frameworks */ = {isa = PBXBuildFile; productRef = E54B955F24A8C7A500A6D55A /* RxRealm */; };
		E5C87F3624AB7391005E1680 /* IceCream in Frameworks */ = {isa = PBXBuildFile; productRef = E5C87F3524AB7391005E1680 /* IceCream */; };
/* End PBXBuildFile section */

/* Begin PBXFileReference section */
		0D4EF51A24B228570036FD90 /* OwnersViewController.swift */ = {isa = PBXFileReference; fileEncoding = 4; lastKnownFileType = sourcecode.swift; path = OwnersViewController.swift; sourceTree = "<group>"; };
		6743F6E8202B0CB600912163 /* IceCream_Example.app */ = {isa = PBXFileReference; explicitFileType = wrapper.application; includeInIndex = 0; path = IceCream_Example.app; sourceTree = BUILT_PRODUCTS_DIR; };
		6743F6EB202B0CB600912163 /* AppDelegate.swift */ = {isa = PBXFileReference; lastKnownFileType = sourcecode.swift; path = AppDelegate.swift; sourceTree = "<group>"; };
		6743F6ED202B0CB600912163 /* DogsViewController.swift */ = {isa = PBXFileReference; lastKnownFileType = sourcecode.swift; path = DogsViewController.swift; sourceTree = "<group>"; };
		6743F6F7202B0CB600912163 /* Info.plist */ = {isa = PBXFileReference; lastKnownFileType = text.plist.xml; path = Info.plist; sourceTree = "<group>"; };
		6743F6FD202B0D1400912163 /* Images.xcassets */ = {isa = PBXFileReference; lastKnownFileType = folder.assetcatalog; path = Images.xcassets; sourceTree = "<group>"; };
		6743F700202B0D1C00912163 /* Base */ = {isa = PBXFileReference; lastKnownFileType = file.xib; name = Base; path = Base.lproj/LaunchScreen.xib; sourceTree = "<group>"; };
		6743F702202B0D2400912163 /* Dog.swift */ = {isa = PBXFileReference; fileEncoding = 4; lastKnownFileType = sourcecode.swift; path = Dog.swift; sourceTree = "<group>"; };
		6743F704202B0D4100912163 /* IceCream_Example.entitlements */ = {isa = PBXFileReference; lastKnownFileType = text.plist.entitlements; path = IceCream_Example.entitlements; sourceTree = "<group>"; };
		6743F706202B0D4500912163 /* CloudKit.framework */ = {isa = PBXFileReference; lastKnownFileType = wrapper.framework; name = CloudKit.framework; path = System/Library/Frameworks/CloudKit.framework; sourceTree = SDKROOT; };
		67851AF820FAFE0F00D5142C /* Person.swift */ = {isa = PBXFileReference; lastKnownFileType = sourcecode.swift; path = Person.swift; sourceTree = "<group>"; };
		67AA235E20B84C9700953F09 /* CatsViewController.swift */ = {isa = PBXFileReference; fileEncoding = 4; lastKnownFileType = sourcecode.swift; path = CatsViewController.swift; sourceTree = "<group>"; };
		67AA235F20B84C9700953F09 /* Cat.swift */ = {isa = PBXFileReference; fileEncoding = 4; lastKnownFileType = sourcecode.swift; path = Cat.swift; sourceTree = "<group>"; };
		67AA236220B84CB600953F09 /* TabBarViewController.swift */ = {isa = PBXFileReference; fileEncoding = 4; lastKnownFileType = sourcecode.swift; path = TabBarViewController.swift; sourceTree = "<group>"; };
		E5C87F3424AB7315005E1680 /* IceCream */ = {isa = PBXFileReference; lastKnownFileType = folder; name = IceCream; path = ..; sourceTree = "<group>"; };
/* End PBXFileReference section */

/* Begin PBXFrameworksBuildPhase section */
		6743F6E5202B0CB600912163 /* Frameworks */ = {
			isa = PBXFrameworksBuildPhase;
			buildActionMask = 2147483647;
			files = (
				E54B956024A8C7A500A6D55A /* RxRealm in Frameworks */,
				E50A78FF24A8E08F00E44E79 /* Realm in Frameworks */,
				E5C87F3624AB7391005E1680 /* IceCream in Frameworks */,
				E50A790124A8E08F00E44E79 /* RealmSwift in Frameworks */,
				6743F707202B0D4500912163 /* CloudKit.framework in Frameworks */,
			);
			runOnlyForDeploymentPostprocessing = 0;
		};
/* End PBXFrameworksBuildPhase section */

/* Begin PBXGroup section */
		6743F6DF202B0CB600912163 = {
			isa = PBXGroup;
			children = (
				6743F6EA202B0CB600912163 /* IceCream_Example */,
				6743F6E9202B0CB600912163 /* Products */,
				6743F705202B0D4500912163 /* Frameworks */,
				E5C87F3424AB7315005E1680 /* IceCream */,
			);
			sourceTree = "<group>";
		};
		6743F6E9202B0CB600912163 /* Products */ = {
			isa = PBXGroup;
			children = (
				6743F6E8202B0CB600912163 /* IceCream_Example.app */,
			);
			name = Products;
			sourceTree = "<group>";
		};
		6743F6EA202B0CB600912163 /* IceCream_Example */ = {
			isa = PBXGroup;
			children = (
				6743F704202B0D4100912163 /* IceCream_Example.entitlements */,
				67AA236220B84CB600953F09 /* TabBarViewController.swift */,
				67851AF820FAFE0F00D5142C /* Person.swift */,
				67AA235F20B84C9700953F09 /* Cat.swift */,
				6743F702202B0D2400912163 /* Dog.swift */,
				67AA235E20B84C9700953F09 /* CatsViewController.swift */,
				6743F6ED202B0CB600912163 /* DogsViewController.swift */,
				0D4EF51A24B228570036FD90 /* OwnersViewController.swift */,
				6743F6FF202B0D1C00912163 /* LaunchScreen.xib */,
				6743F6FD202B0D1400912163 /* Images.xcassets */,
				6743F6EB202B0CB600912163 /* AppDelegate.swift */,
				6743F6F7202B0CB600912163 /* Info.plist */,
			);
			path = IceCream_Example;
			sourceTree = "<group>";
		};
		6743F705202B0D4500912163 /* Frameworks */ = {
			isa = PBXGroup;
			children = (
				6743F706202B0D4500912163 /* CloudKit.framework */,
			);
			name = Frameworks;
			sourceTree = "<group>";
		};
/* End PBXGroup section */

/* Begin PBXNativeTarget section */
		6743F6E7202B0CB600912163 /* IceCream_Example */ = {
			isa = PBXNativeTarget;
			buildConfigurationList = 6743F6FA202B0CB600912163 /* Build configuration list for PBXNativeTarget "IceCream_Example" */;
			buildPhases = (
				6743F6E4202B0CB600912163 /* Sources */,
				6743F6E5202B0CB600912163 /* Frameworks */,
				6743F6E6202B0CB600912163 /* Resources */,
			);
			buildRules = (
			);
			dependencies = (
			);
			name = IceCream_Example;
			packageProductDependencies = (
				E54B955F24A8C7A500A6D55A /* RxRealm */,
				E50A78FE24A8E08F00E44E79 /* Realm */,
				E50A790024A8E08F00E44E79 /* RealmSwift */,
				E5C87F3524AB7391005E1680 /* IceCream */,
			);
			productName = IceCream_Example;
			productReference = 6743F6E8202B0CB600912163 /* IceCream_Example.app */;
			productType = "com.apple.product-type.application";
		};
/* End PBXNativeTarget section */

/* Begin PBXProject section */
		6743F6E0202B0CB600912163 /* Project object */ = {
			isa = PBXProject;
			attributes = {
				LastSwiftUpdateCheck = 0920;
				LastUpgradeCheck = 1020;
				ORGANIZATIONNAME = "蔡越";
				TargetAttributes = {
					6743F6E7202B0CB600912163 = {
						CreatedOnToolsVersion = 9.2;
						LastSwiftMigration = 1020;
						ProvisioningStyle = Automatic;
						SystemCapabilities = {
							com.apple.Push = {
								enabled = 1;
							};
							com.apple.iCloud = {
								enabled = 1;
							};
						};
					};
				};
			};
			buildConfigurationList = 6743F6E3202B0CB600912163 /* Build configuration list for PBXProject "IceCream_Example" */;
			compatibilityVersion = "Xcode 8.0";
			developmentRegion = en;
			hasScannedForEncodings = 0;
			knownRegions = (
				en,
				Base,
			);
			mainGroup = 6743F6DF202B0CB600912163;
			packageReferences = (
				E54B955E24A8C7A500A6D55A /* XCRemoteSwiftPackageReference "RxRealm" */,
				E50A78FD24A8E08F00E44E79 /* XCRemoteSwiftPackageReference "realm-cocoa" */,
			);
			productRefGroup = 6743F6E9202B0CB600912163 /* Products */;
			projectDirPath = "";
			projectRoot = "";
			targets = (
				6743F6E7202B0CB600912163 /* IceCream_Example */,
			);
		};
/* End PBXProject section */

/* Begin PBXResourcesBuildPhase section */
		6743F6E6202B0CB600912163 /* Resources */ = {
			isa = PBXResourcesBuildPhase;
			buildActionMask = 2147483647;
			files = (
				6743F701202B0D1C00912163 /* LaunchScreen.xib in Resources */,
				6743F6FE202B0D1400912163 /* Images.xcassets in Resources */,
			);
			runOnlyForDeploymentPostprocessing = 0;
		};
/* End PBXResourcesBuildPhase section */

/* Begin PBXSourcesBuildPhase section */
		6743F6E4202B0CB600912163 /* Sources */ = {
			isa = PBXSourcesBuildPhase;
			buildActionMask = 2147483647;
			files = (
				6743F6EE202B0CB600912163 /* DogsViewController.swift in Sources */,
				67AA236020B84C9700953F09 /* CatsViewController.swift in Sources */,
				0D4EF51B24B228570036FD90 /* OwnersViewController.swift in Sources */,
				67AA236120B84C9700953F09 /* Cat.swift in Sources */,
				6743F6EC202B0CB600912163 /* AppDelegate.swift in Sources */,
				67851AF920FAFE0F00D5142C /* Person.swift in Sources */,
				67AA236320B84CB600953F09 /* TabBarViewController.swift in Sources */,
				6743F703202B0D2400912163 /* Dog.swift in Sources */,
			);
			runOnlyForDeploymentPostprocessing = 0;
		};
/* End PBXSourcesBuildPhase section */

/* Begin PBXVariantGroup section */
		6743F6FF202B0D1C00912163 /* LaunchScreen.xib */ = {
			isa = PBXVariantGroup;
			children = (
				6743F700202B0D1C00912163 /* Base */,
			);
			name = LaunchScreen.xib;
			sourceTree = "<group>";
		};
/* End PBXVariantGroup section */

/* Begin XCBuildConfiguration section */
		6743F6F8202B0CB600912163 /* Debug */ = {
			isa = XCBuildConfiguration;
			buildSettings = {
				ALWAYS_SEARCH_USER_PATHS = NO;
				CLANG_ANALYZER_NONNULL = YES;
				CLANG_ANALYZER_NUMBER_OBJECT_CONVERSION = YES_AGGRESSIVE;
				CLANG_CXX_LANGUAGE_STANDARD = "gnu++14";
				CLANG_CXX_LIBRARY = "libc++";
				CLANG_ENABLE_MODULES = YES;
				CLANG_ENABLE_OBJC_ARC = YES;
				CLANG_WARN_BLOCK_CAPTURE_AUTORELEASING = YES;
				CLANG_WARN_BOOL_CONVERSION = YES;
				CLANG_WARN_COMMA = YES;
				CLANG_WARN_CONSTANT_CONVERSION = YES;
				CLANG_WARN_DEPRECATED_OBJC_IMPLEMENTATIONS = YES;
				CLANG_WARN_DIRECT_OBJC_ISA_USAGE = YES_ERROR;
				CLANG_WARN_DOCUMENTATION_COMMENTS = YES;
				CLANG_WARN_EMPTY_BODY = YES;
				CLANG_WARN_ENUM_CONVERSION = YES;
				CLANG_WARN_INFINITE_RECURSION = YES;
				CLANG_WARN_INT_CONVERSION = YES;
				CLANG_WARN_NON_LITERAL_NULL_CONVERSION = YES;
				CLANG_WARN_OBJC_IMPLICIT_RETAIN_SELF = YES;
				CLANG_WARN_OBJC_LITERAL_CONVERSION = YES;
				CLANG_WARN_OBJC_ROOT_CLASS = YES_ERROR;
				CLANG_WARN_RANGE_LOOP_ANALYSIS = YES;
				CLANG_WARN_STRICT_PROTOTYPES = YES;
				CLANG_WARN_SUSPICIOUS_MOVE = YES;
				CLANG_WARN_UNGUARDED_AVAILABILITY = YES_AGGRESSIVE;
				CLANG_WARN_UNREACHABLE_CODE = YES;
				CLANG_WARN__DUPLICATE_METHOD_MATCH = YES;
				CODE_SIGN_IDENTITY = "iPhone Developer";
				COPY_PHASE_STRIP = NO;
				DEBUG_INFORMATION_FORMAT = dwarf;
				ENABLE_STRICT_OBJC_MSGSEND = YES;
				ENABLE_TESTABILITY = YES;
				GCC_C_LANGUAGE_STANDARD = gnu11;
				GCC_DYNAMIC_NO_PIC = NO;
				GCC_NO_COMMON_BLOCKS = YES;
				GCC_OPTIMIZATION_LEVEL = 0;
				GCC_PREPROCESSOR_DEFINITIONS = (
					"DEBUG=1",
					"$(inherited)",
				);
				GCC_WARN_64_TO_32_BIT_CONVERSION = YES;
				GCC_WARN_ABOUT_RETURN_TYPE = YES_ERROR;
				GCC_WARN_UNDECLARED_SELECTOR = YES;
				GCC_WARN_UNINITIALIZED_AUTOS = YES_AGGRESSIVE;
				GCC_WARN_UNUSED_FUNCTION = YES;
				GCC_WARN_UNUSED_VARIABLE = YES;
				IPHONEOS_DEPLOYMENT_TARGET = 11.2;
				MTL_ENABLE_DEBUG_INFO = YES;
				ONLY_ACTIVE_ARCH = YES;
				SDKROOT = iphoneos;
				SWIFT_ACTIVE_COMPILATION_CONDITIONS = DEBUG;
				SWIFT_OPTIMIZATION_LEVEL = "-Onone";
			};
			name = Debug;
		};
		6743F6F9202B0CB600912163 /* Release */ = {
			isa = XCBuildConfiguration;
			buildSettings = {
				ALWAYS_SEARCH_USER_PATHS = NO;
				CLANG_ANALYZER_NONNULL = YES;
				CLANG_ANALYZER_NUMBER_OBJECT_CONVERSION = YES_AGGRESSIVE;
				CLANG_CXX_LANGUAGE_STANDARD = "gnu++14";
				CLANG_CXX_LIBRARY = "libc++";
				CLANG_ENABLE_MODULES = YES;
				CLANG_ENABLE_OBJC_ARC = YES;
				CLANG_WARN_BLOCK_CAPTURE_AUTORELEASING = YES;
				CLANG_WARN_BOOL_CONVERSION = YES;
				CLANG_WARN_COMMA = YES;
				CLANG_WARN_CONSTANT_CONVERSION = YES;
				CLANG_WARN_DEPRECATED_OBJC_IMPLEMENTATIONS = YES;
				CLANG_WARN_DIRECT_OBJC_ISA_USAGE = YES_ERROR;
				CLANG_WARN_DOCUMENTATION_COMMENTS = YES;
				CLANG_WARN_EMPTY_BODY = YES;
				CLANG_WARN_ENUM_CONVERSION = YES;
				CLANG_WARN_INFINITE_RECURSION = YES;
				CLANG_WARN_INT_CONVERSION = YES;
				CLANG_WARN_NON_LITERAL_NULL_CONVERSION = YES;
				CLANG_WARN_OBJC_IMPLICIT_RETAIN_SELF = YES;
				CLANG_WARN_OBJC_LITERAL_CONVERSION = YES;
				CLANG_WARN_OBJC_ROOT_CLASS = YES_ERROR;
				CLANG_WARN_RANGE_LOOP_ANALYSIS = YES;
				CLANG_WARN_STRICT_PROTOTYPES = YES;
				CLANG_WARN_SUSPICIOUS_MOVE = YES;
				CLANG_WARN_UNGUARDED_AVAILABILITY = YES_AGGRESSIVE;
				CLANG_WARN_UNREACHABLE_CODE = YES;
				CLANG_WARN__DUPLICATE_METHOD_MATCH = YES;
				CODE_SIGN_IDENTITY = "iPhone Developer";
				COPY_PHASE_STRIP = NO;
				DEBUG_INFORMATION_FORMAT = "dwarf-with-dsym";
				ENABLE_NS_ASSERTIONS = NO;
				ENABLE_STRICT_OBJC_MSGSEND = YES;
				GCC_C_LANGUAGE_STANDARD = gnu11;
				GCC_NO_COMMON_BLOCKS = YES;
				GCC_WARN_64_TO_32_BIT_CONVERSION = YES;
				GCC_WARN_ABOUT_RETURN_TYPE = YES_ERROR;
				GCC_WARN_UNDECLARED_SELECTOR = YES;
				GCC_WARN_UNINITIALIZED_AUTOS = YES_AGGRESSIVE;
				GCC_WARN_UNUSED_FUNCTION = YES;
				GCC_WARN_UNUSED_VARIABLE = YES;
				IPHONEOS_DEPLOYMENT_TARGET = 11.2;
				MTL_ENABLE_DEBUG_INFO = NO;
				SDKROOT = iphoneos;
				SWIFT_COMPILATION_MODE = wholemodule;
				SWIFT_OPTIMIZATION_LEVEL = "-O";
				VALIDATE_PRODUCT = YES;
			};
			name = Release;
		};
		6743F6FB202B0CB600912163 /* Debug */ = {
			isa = XCBuildConfiguration;
			buildSettings = {
				ASSETCATALOG_COMPILER_APPICON_NAME = AppIcon;
				CODE_SIGN_ENTITLEMENTS = IceCream_Example/IceCream_Example.entitlements;
				CODE_SIGN_STYLE = Automatic;
				DEVELOPMENT_TEAM = RCMHACTPLY;
				INFOPLIST_FILE = IceCream_Example/Info.plist;
				LD_RUNPATH_SEARCH_PATHS = (
					"$(inherited)",
					"@executable_path/Frameworks",
				);
				PRODUCT_BUNDLE_IDENTIFIER = "me.soledad.http.IceCream-Example";
				PRODUCT_NAME = "$(TARGET_NAME)";
				SWIFT_VERSION = 5.0;
				TARGETED_DEVICE_FAMILY = "1,2";
			};
			name = Debug;
		};
		6743F6FC202B0CB600912163 /* Release */ = {
			isa = XCBuildConfiguration;
			buildSettings = {
				ASSETCATALOG_COMPILER_APPICON_NAME = AppIcon;
				CODE_SIGN_ENTITLEMENTS = IceCream_Example/IceCream_Example.entitlements;
				CODE_SIGN_STYLE = Automatic;
				DEVELOPMENT_TEAM = RCMHACTPLY;
				INFOPLIST_FILE = IceCream_Example/Info.plist;
				LD_RUNPATH_SEARCH_PATHS = (
					"$(inherited)",
					"@executable_path/Frameworks",
				);
				PRODUCT_BUNDLE_IDENTIFIER = "me.soledad.http.IceCream-Example";
				PRODUCT_NAME = "$(TARGET_NAME)";
				SWIFT_VERSION = 5.0;
				TARGETED_DEVICE_FAMILY = "1,2";
			};
			name = Release;
		};
/* End XCBuildConfiguration section */

/* Begin XCConfigurationList section */
		6743F6E3202B0CB600912163 /* Build configuration list for PBXProject "IceCream_Example" */ = {
			isa = XCConfigurationList;
			buildConfigurations = (
				6743F6F8202B0CB600912163 /* Debug */,
				6743F6F9202B0CB600912163 /* Release */,
			);
			defaultConfigurationIsVisible = 0;
			defaultConfigurationName = Release;
		};
		6743F6FA202B0CB600912163 /* Build configuration list for PBXNativeTarget "IceCream_Example" */ = {
			isa = XCConfigurationList;
			buildConfigurations = (
				6743F6FB202B0CB600912163 /* Debug */,
				6743F6FC202B0CB600912163 /* Release */,
			);
			defaultConfigurationIsVisible = 0;
			defaultConfigurationName = Release;
		};
/* End XCConfigurationList section */

/* Begin XCRemoteSwiftPackageReference section */
		E50A78FD24A8E08F00E44E79 /* XCRemoteSwiftPackageReference "realm-cocoa" */ = {
			isa = XCRemoteSwiftPackageReference;
			repositoryURL = "https://github.com/realm/realm-cocoa.git";
			requirement = {
				kind = upToNextMajorVersion;
				minimumVersion = 4.0.0;
			};
		};
		E54B955E24A8C7A500A6D55A /* XCRemoteSwiftPackageReference "RxRealm" */ = {
			isa = XCRemoteSwiftPackageReference;
			repositoryURL = "https://github.com/RxSwiftCommunity/RxRealm.git";
			requirement = {
				kind = upToNextMajorVersion;
				minimumVersion = 2.0.0;
			};
		};
/* End XCRemoteSwiftPackageReference section */

/* Begin XCSwiftPackageProductDependency section */
		E50A78FE24A8E08F00E44E79 /* Realm */ = {
			isa = XCSwiftPackageProductDependency;
			package = E50A78FD24A8E08F00E44E79 /* XCRemoteSwiftPackageReference "realm-cocoa" */;
			productName = Realm;
		};
		E50A790024A8E08F00E44E79 /* RealmSwift */ = {
			isa = XCSwiftPackageProductDependency;
			package = E50A78FD24A8E08F00E44E79 /* XCRemoteSwiftPackageReference "realm-cocoa" */;
			productName = RealmSwift;
		};
		E54B955F24A8C7A500A6D55A /* RxRealm */ = {
			isa = XCSwiftPackageProductDependency;
			package = E54B955E24A8C7A500A6D55A /* XCRemoteSwiftPackageReference "RxRealm" */;
			productName = RxRealm;
		};
		E5C87F3524AB7391005E1680 /* IceCream */ = {
			isa = XCSwiftPackageProductDependency;
			productName = IceCream;
		};
/* End XCSwiftPackageProductDependency section */
	};
	rootObject = 6743F6E0202B0CB600912163 /* Project object */;
}
